
Microsoft Visual Studio Solution File, Format Version 12.00
# Visual Studio Version 16
VisualStudioVersion = 16.0.30907.101
MinimumVisualStudioVersion = 10.0.40219.1
Project("{FAE04EC0-301F-11D3-BF4B-00C04F79EFBC}") = "IntelitraderMobile.Android", "IntelitraderMobile\IntelitraderMobile.Android\IntelitraderMobile.Android.csproj", "{70F15F1E-2666-42AB-853A-551CFF84686C}"
EndProject
Project("{FAE04EC0-301F-11D3-BF4B-00C04F79EFBC}") = "IntelitraderMobile.iOS", "IntelitraderMobile\IntelitraderMobile.iOS\IntelitraderMobile.iOS.csproj", "{DAA1865C-28B6-4C1F-ACC0-9310882D2A6F}"
EndProject
Project("{FAE04EC0-301F-11D3-BF4B-00C04F79EFBC}") = "IntelitraderMobile", "IntelitraderMobile\IntelitraderMobile\IntelitraderMobile.csproj", "{D5A48219-4900-4D34-B592-AFB7D5AF0A92}"
EndProject
Global
	GlobalSection(SolutionConfigurationPlatforms) = preSolution
		Debug|Any CPU = Debug|Any CPU
		Debug|iPhone = Debug|iPhone
		Debug|iPhoneSimulator = Debug|iPhoneSimulator
		Release|Any CPU = Release|Any CPU
		Release|iPhone = Release|iPhone
		Release|iPhoneSimulator = Release|iPhoneSimulator
	EndGlobalSection
	GlobalSection(ProjectConfigurationPlatforms) = postSolution
		{70F15F1E-2666-42AB-853A-551CFF84686C}.Debug|Any CPU.ActiveCfg = Debug|Any CPU
		{70F15F1E-2666-42AB-853A-551CFF84686C}.Debug|Any CPU.Build.0 = Debug|Any CPU
		{70F15F1E-2666-42AB-853A-551CFF84686C}.Debug|Any CPU.Deploy.0 = Debug|Any CPU
		{70F15F1E-2666-42AB-853A-551CFF84686C}.Debug|iPhone.ActiveCfg = Debug|Any CPU
		{70F15F1E-2666-42AB-853A-551CFF84686C}.Debug|iPhone.Build.0 = Debug|Any CPU
		{70F15F1E-2666-42AB-853A-551CFF84686C}.Debug|iPhone.Deploy.0 = Debug|Any CPU
		{70F15F1E-2666-42AB-853A-551CFF84686C}.Debug|iPhoneSimulator.ActiveCfg = Debug|Any CPU
		{70F15F1E-2666-42AB-853A-551CFF84686C}.Debug|iPhoneSimulator.Build.0 = Debug|Any CPU
		{70F15F1E-2666-42AB-853A-551CFF84686C}.Debug|iPhoneSimulator.Deploy.0 = Debug|Any CPU
		{70F15F1E-2666-42AB-853A-551CFF84686C}.Release|Any CPU.ActiveCfg = Release|Any CPU
		{70F15F1E-2666-42AB-853A-551CFF84686C}.Release|Any CPU.Build.0 = Release|Any CPU
		{70F15F1E-2666-42AB-853A-551CFF84686C}.Release|Any CPU.Deploy.0 = Release|Any CPU
		{70F15F1E-2666-42AB-853A-551CFF84686C}.Release|iPhone.ActiveCfg = Release|Any CPU
		{70F15F1E-2666-42AB-853A-551CFF84686C}.Release|iPhone.Build.0 = Release|Any CPU
		{70F15F1E-2666-42AB-853A-551CFF84686C}.Release|iPhone.Deploy.0 = Release|Any CPU
		{70F15F1E-2666-42AB-853A-551CFF84686C}.Release|iPhoneSimulator.ActiveCfg = Release|Any CPU
		{70F15F1E-2666-42AB-853A-551CFF84686C}.Release|iPhoneSimulator.Build.0 = Release|Any CPU
		{70F15F1E-2666-42AB-853A-551CFF84686C}.Release|iPhoneSimulator.Deploy.0 = Release|Any CPU
		{DAA1865C-28B6-4C1F-ACC0-9310882D2A6F}.Debug|Any CPU.ActiveCfg = Debug|iPhone
		{DAA1865C-28B6-4C1F-ACC0-9310882D2A6F}.Debug|Any CPU.Build.0 = Debug|iPhone
		{DAA1865C-28B6-4C1F-ACC0-9310882D2A6F}.Debug|Any CPU.Deploy.0 = Debug|iPhone
		{DAA1865C-28B6-4C1F-ACC0-9310882D2A6F}.Debug|iPhone.ActiveCfg = Debug|iPhone
		{DAA1865C-28B6-4C1F-ACC0-9310882D2A6F}.Debug|iPhone.Build.0 = Debug|iPhone
		{DAA1865C-28B6-4C1F-ACC0-9310882D2A6F}.Debug|iPhone.Deploy.0 = Debug|iPhone
		{DAA1865C-28B6-4C1F-ACC0-9310882D2A6F}.Debug|iPhoneSimulator.ActiveCfg = Debug|iPhoneSimulator
		{DAA1865C-28B6-4C1F-ACC0-9310882D2A6F}.Debug|iPhoneSimulator.Build.0 = Debug|iPhoneSimulator
		{DAA1865C-28B6-4C1F-ACC0-9310882D2A6F}.Debug|iPhoneSimulator.Deploy.0 = Debug|iPhoneSimulator
		{DAA1865C-28B6-4C1F-ACC0-9310882D2A6F}.Release|Any CPU.ActiveCfg = Release|iPhoneSimulator
		{DAA1865C-28B6-4C1F-ACC0-9310882D2A6F}.Release|Any CPU.Build.0 = Release|iPhoneSimulator
		{DAA1865C-28B6-4C1F-ACC0-9310882D2A6F}.Release|Any CPU.Deploy.0 = Release|iPhoneSimulator
		{DAA1865C-28B6-4C1F-ACC0-9310882D2A6F}.Release|iPhone.ActiveCfg = Release|iPhone
		{DAA1865C-28B6-4C1F-ACC0-9310882D2A6F}.Release|iPhone.Build.0 = Release|iPhone
		{DAA1865C-28B6-4C1F-ACC0-9310882D2A6F}.Release|iPhone.Deploy.0 = Release|iPhone
		{DAA1865C-28B6-4C1F-ACC0-9310882D2A6F}.Release|iPhoneSimulator.ActiveCfg = Release|iPhoneSimulator
		{DAA1865C-28B6-4C1F-ACC0-9310882D2A6F}.Release|iPhoneSimulator.Build.0 = Release|iPhoneSimulator
		{DAA1865C-28B6-4C1F-ACC0-9310882D2A6F}.Release|iPhoneSimulator.Deploy.0 = Release|iPhoneSimulator
		{D5A48219-4900-4D34-B592-AFB7D5AF0A92}.Debug|Any CPU.ActiveCfg = Debug|Any CPU
		{D5A48219-4900-4D34-B592-AFB7D5AF0A92}.Debug|Any CPU.Build.0 = Debug|Any CPU
		{D5A48219-4900-4D34-B592-AFB7D5AF0A92}.Debug|Any CPU.Deploy.0 = Debug|Any CPU
		{D5A48219-4900-4D34-B592-AFB7D5AF0A92}.Debug|iPhone.ActiveCfg = Debug|Any CPU
		{D5A48219-4900-4D34-B592-AFB7D5AF0A92}.Debug|iPhone.Build.0 = Debug|Any CPU
		{D5A48219-4900-4D34-B592-AFB7D5AF0A92}.Debug|iPhone.Deploy.0 = Debug|Any CPU
		{D5A48219-4900-4D34-B592-AFB7D5AF0A92}.Debug|iPhoneSimulator.ActiveCfg = Debug|Any CPU
		{D5A48219-4900-4D34-B592-AFB7D5AF0A92}.Debug|iPhoneSimulator.Build.0 = Debug|Any CPU
		{D5A48219-4900-4D34-B592-AFB7D5AF0A92}.Debug|iPhoneSimulator.Deploy.0 = Debug|Any CPU
		{D5A48219-4900-4D34-B592-AFB7D5AF0A92}.Release|Any CPU.ActiveCfg = Release|Any CPU
		{D5A48219-4900-4D34-B592-AFB7D5AF0A92}.Release|Any CPU.Build.0 = Release|Any CPU
		{D5A48219-4900-4D34-B592-AFB7D5AF0A92}.Release|Any CPU.Deploy.0 = Release|Any CPU
		{D5A48219-4900-4D34-B592-AFB7D5AF0A92}.Release|iPhone.ActiveCfg = Release|Any CPU
		{D5A48219-4900-4D34-B592-AFB7D5AF0A92}.Release|iPhone.Build.0 = Release|Any CPU
		{D5A48219-4900-4D34-B592-AFB7D5AF0A92}.Release|iPhone.Deploy.0 = Release|Any CPU
		{D5A48219-4900-4D34-B592-AFB7D5AF0A92}.Release|iPhoneSimulator.ActiveCfg = Release|Any CPU
		{D5A48219-4900-4D34-B592-AFB7D5AF0A92}.Release|iPhoneSimulator.Build.0 = Release|Any CPU
		{D5A48219-4900-4D34-B592-AFB7D5AF0A92}.Release|iPhoneSimulator.Deploy.0 = Release|Any CPU
	EndGlobalSection
	GlobalSection(SolutionProperties) = preSolution
		HideSolutionNode = FALSE
	EndGlobalSection
	GlobalSection(ExtensibilityGlobals) = postSolution
		SolutionGuid = {24F8E273-A499-4515-9EAE-E54283D9D16C}
	EndGlobalSection
EndGlobal
